
Microsoft Visual Studio Solution File, Format Version 12.00
Project("{FAE04EC0-301F-11D3-BF4B-00C04F79EFBC}") = "AutoTrainingConsoleApp", "AutoTrainingConsoleApp.csproj", "{3B75B9EB-55A6-4C4A-8959-24E060C1DA49}"
EndProject
Project("{FAE04EC0-301F-11D3-BF4B-00C04F79EFBC}") = "L3HomeworkConsoleApp", "L3HomeworkConsoleApp\L3HomeworkConsoleApp.csproj", "{F4D8B925-2EC6-47FD-87E8-2CCF76735A23}"
EndProject
Project("{FAE04EC0-301F-11D3-BF4B-00C04F79EFBC}") = "L6Exercise", "L6Exercise\L6Exercise.csproj", "{6F60333F-DE38-47E8-A70D-FD34F6FA85D1}"
EndProject
Project("{FAE04EC0-301F-11D3-BF4B-00C04F79EFBC}") = "Lecture10Exercise", "Lecture10Exercise\Lecture10Exercise.csproj", "{46F60115-7742-4D42-8DDA-D95FF75CE7D4}"
EndProject
Project("{FAE04EC0-301F-11D3-BF4B-00C04F79EFBC}") = "L11Homework", "L11Homework\L11Homework.csproj", "{FBB93AB6-4354-4ABF-B44E-4DD0B93AA7A3}"
EndProject
Project("{FAE04EC0-301F-11D3-BF4B-00C04F79EFBC}") = "L16Exam", "L16Exam\L16Exam.csproj", "{B61215BD-8EE1-464E-A04A-9BB09A93F9EE}"
EndProject
Project("{FAE04EC0-301F-11D3-BF4B-00C04F79EFBC}") = "L4Homework", "L4Homework\L4Homework.csproj", "{B468C5E9-FD9D-4D30-A464-B617858EE8E3}"
EndProject
Project("{FAE04EC0-301F-11D3-BF4B-00C04F79EFBC}") = "L5Homework", "L5Homework\L5Homework.csproj", "{A1DD71EE-CB8D-4700-9E1B-C4631EDC1F36}"
EndProject
Project("{FAE04EC0-301F-11D3-BF4B-00C04F79EFBC}") = "L7Homework", "L7Homework\L7Homework.csproj", "{8E616099-E484-4971-8532-DC5FC7463F1B}"
EndProject
Project("{FAE04EC0-301F-11D3-BF4B-00C04F79EFBC}") = "L8Homework", "L8Homework\L8Homework.csproj", "{BF4D9ECC-BC11-4A78-B8B2-DA18A8F672D9}"
EndProject
Global
	GlobalSection(SolutionConfigurationPlatforms) = preSolution
		Debug|Any CPU = Debug|Any CPU
		Release|Any CPU = Release|Any CPU
	EndGlobalSection
	GlobalSection(ProjectConfigurationPlatforms) = postSolution
		{3B75B9EB-55A6-4C4A-8959-24E060C1DA49}.Debug|Any CPU.ActiveCfg = Debug|Any CPU
		{3B75B9EB-55A6-4C4A-8959-24E060C1DA49}.Debug|Any CPU.Build.0 = Debug|Any CPU
		{3B75B9EB-55A6-4C4A-8959-24E060C1DA49}.Release|Any CPU.ActiveCfg = Release|Any CPU
		{3B75B9EB-55A6-4C4A-8959-24E060C1DA49}.Release|Any CPU.Build.0 = Release|Any CPU
		{F4D8B925-2EC6-47FD-87E8-2CCF76735A23}.Debug|Any CPU.ActiveCfg = Debug|Any CPU
		{F4D8B925-2EC6-47FD-87E8-2CCF76735A23}.Debug|Any CPU.Build.0 = Debug|Any CPU
		{F4D8B925-2EC6-47FD-87E8-2CCF76735A23}.Release|Any CPU.ActiveCfg = Release|Any CPU
		{F4D8B925-2EC6-47FD-87E8-2CCF76735A23}.Release|Any CPU.Build.0 = Release|Any CPU
		{6F60333F-DE38-47E8-A70D-FD34F6FA85D1}.Debug|Any CPU.ActiveCfg = Debug|Any CPU
		{6F60333F-DE38-47E8-A70D-FD34F6FA85D1}.Debug|Any CPU.Build.0 = Debug|Any CPU
		{6F60333F-DE38-47E8-A70D-FD34F6FA85D1}.Release|Any CPU.ActiveCfg = Release|Any CPU
		{6F60333F-DE38-47E8-A70D-FD34F6FA85D1}.Release|Any CPU.Build.0 = Release|Any CPU
		{46F60115-7742-4D42-8DDA-D95FF75CE7D4}.Debug|Any CPU.ActiveCfg = Debug|Any CPU
		{46F60115-7742-4D42-8DDA-D95FF75CE7D4}.Debug|Any CPU.Build.0 = Debug|Any CPU
		{46F60115-7742-4D42-8DDA-D95FF75CE7D4}.Release|Any CPU.ActiveCfg = Release|Any CPU
		{46F60115-7742-4D42-8DDA-D95FF75CE7D4}.Release|Any CPU.Build.0 = Release|Any CPU
		{FBB93AB6-4354-4ABF-B44E-4DD0B93AA7A3}.Debug|Any CPU.ActiveCfg = Debug|Any CPU
		{FBB93AB6-4354-4ABF-B44E-4DD0B93AA7A3}.Debug|Any CPU.Build.0 = Debug|Any CPU
		{FBB93AB6-4354-4ABF-B44E-4DD0B93AA7A3}.Release|Any CPU.ActiveCfg = Release|Any CPU
		{FBB93AB6-4354-4ABF-B44E-4DD0B93AA7A3}.Release|Any CPU.Build.0 = Release|Any CPU
		{B61215BD-8EE1-464E-A04A-9BB09A93F9EE}.Debug|Any CPU.ActiveCfg = Debug|Any CPU
		{B61215BD-8EE1-464E-A04A-9BB09A93F9EE}.Debug|Any CPU.Build.0 = Debug|Any CPU
		{B61215BD-8EE1-464E-A04A-9BB09A93F9EE}.Release|Any CPU.ActiveCfg = Release|Any CPU
		{B61215BD-8EE1-464E-A04A-9BB09A93F9EE}.Release|Any CPU.Build.0 = Release|Any CPU
		{B468C5E9-FD9D-4D30-A464-B617858EE8E3}.Debug|Any CPU.ActiveCfg = Debug|Any CPU
		{B468C5E9-FD9D-4D30-A464-B617858EE8E3}.Debug|Any CPU.Build.0 = Debug|Any CPU
		{B468C5E9-FD9D-4D30-A464-B617858EE8E3}.Release|Any CPU.ActiveCfg = Release|Any CPU
		{B468C5E9-FD9D-4D30-A464-B617858EE8E3}.Release|Any CPU.Build.0 = Release|Any CPU
		{A1DD71EE-CB8D-4700-9E1B-C4631EDC1F36}.Debug|Any CPU.ActiveCfg = Debug|Any CPU
		{A1DD71EE-CB8D-4700-9E1B-C4631EDC1F36}.Debug|Any CPU.Build.0 = Debug|Any CPU
		{A1DD71EE-CB8D-4700-9E1B-C4631EDC1F36}.Release|Any CPU.ActiveCfg = Release|Any CPU
		{A1DD71EE-CB8D-4700-9E1B-C4631EDC1F36}.Release|Any CPU.Build.0 = Release|Any CPU
		{8E616099-E484-4971-8532-DC5FC7463F1B}.Debug|Any CPU.ActiveCfg = Debug|Any CPU
		{8E616099-E484-4971-8532-DC5FC7463F1B}.Debug|Any CPU.Build.0 = Debug|Any CPU
		{8E616099-E484-4971-8532-DC5FC7463F1B}.Release|Any CPU.ActiveCfg = Release|Any CPU
		{8E616099-E484-4971-8532-DC5FC7463F1B}.Release|Any CPU.Build.0 = Release|Any CPU
		{BF4D9ECC-BC11-4A78-B8B2-DA18A8F672D9}.Debug|Any CPU.ActiveCfg = Debug|Any CPU
		{BF4D9ECC-BC11-4A78-B8B2-DA18A8F672D9}.Debug|Any CPU.Build.0 = Debug|Any CPU
		{BF4D9ECC-BC11-4A78-B8B2-DA18A8F672D9}.Release|Any CPU.ActiveCfg = Release|Any CPU
		{BF4D9ECC-BC11-4A78-B8B2-DA18A8F672D9}.Release|Any CPU.Build.0 = Release|Any CPU
	EndGlobalSection
EndGlobal
